
Microsoft Visual Studio Solution File, Format Version 12.00
# Visual Studio 15
VisualStudioVersion = 15.0.28307.271
MinimumVisualStudioVersion = 10.0.40219.1
Project("{FAE04EC0-301F-11D3-BF4B-00C04F79EFBC}") = "BubbleWizard", "BubbleWizard\BubbleWizard.csproj", "{875CBE0F-B870-4C5C-B511-80FC7059CB82}"
EndProject
Global
	GlobalSection(SolutionConfigurationPlatforms) = preSolution
		Debug|Any CPU = Debug|Any CPU
		Release|Any CPU = Release|Any CPU
	EndGlobalSection
	GlobalSection(ProjectConfigurationPlatforms) = postSolution
		{875CBE0F-B870-4C5C-B511-80FC7059CB82}.Debug|Any CPU.ActiveCfg = Debug|Any CPU
		{875CBE0F-B870-4C5C-B511-80FC7059CB82}.Debug|Any CPU.Build.0 = Debug|Any CPU
		{875CBE0F-B870-4C5C-B511-80FC7059CB82}.Release|Any CPU.ActiveCfg = Release|Any CPU
		{875CBE0F-B870-4C5C-B511-80FC7059CB82}.Release|Any CPU.Build.0 = Release|Any CPU
	EndGlobalSection
	GlobalSection(SolutionProperties) = preSolution
		HideSolutionNode = FALSE
	EndGlobalSection
	GlobalSection(ExtensibilityGlobals) = postSolution
		SolutionGuid = {2968CB0F-FE67-41DB-8DAB-F9323E69E645}
	EndGlobalSection
EndGlobal
